
Microsoft Visual Studio Solution File, Format Version 12.00
# Visual Studio Version 16
VisualStudioVersion = 16.0.29409.12
MinimumVisualStudioVersion = 10.0.40219.1
Project("{FAE04EC0-301F-11D3-BF4B-00C04F79EFBC}") = "Medium4.3", "Medium4.3\Medium4.3.csproj", "{D0BFD767-9C7D-4D5E-8BB6-AEF97F7C6610}"
EndProject
Global
	GlobalSection(SolutionConfigurationPlatforms) = preSolution
		Debug|Any CPU = Debug|Any CPU
		Release|Any CPU = Release|Any CPU
	EndGlobalSection
	GlobalSection(ProjectConfigurationPlatforms) = postSolution
		{D0BFD767-9C7D-4D5E-8BB6-AEF97F7C6610}.Debug|Any CPU.ActiveCfg = Debug|Any CPU
		{D0BFD767-9C7D-4D5E-8BB6-AEF97F7C6610}.Debug|Any CPU.Build.0 = Debug|Any CPU
		{D0BFD767-9C7D-4D5E-8BB6-AEF97F7C6610}.Release|Any CPU.ActiveCfg = Release|Any CPU
		{D0BFD767-9C7D-4D5E-8BB6-AEF97F7C6610}.Release|Any CPU.Build.0 = Release|Any CPU
	EndGlobalSection
	GlobalSection(SolutionProperties) = preSolution
		HideSolutionNode = FALSE
	EndGlobalSection
	GlobalSection(ExtensibilityGlobals) = postSolution
		SolutionGuid = {05252659-0F53-48FB-B27C-AE49A3593622}
	EndGlobalSection
EndGlobal
